
Microsoft Visual Studio Solution File, Format Version 12.00
# Visual Studio Version 17
VisualStudioVersion = 17.11.35303.130
MinimumVisualStudioVersion = 10.0.40219.1
Project("{FAE04EC0-301F-11D3-BF4B-00C04F79EFBC}") = "0918udemyc#", "0918udemyc#\0918udemyc#.csproj", "{A6F0159F-F472-47DB-A687-5D6FED8FB94C}"
EndProject
Project("{FAE04EC0-301F-11D3-BF4B-00C04F79EFBC}") = "ch02", "ch02\ch02.csproj", "{4688C377-6F2B-407F-AF95-E2363FA6566C}"
EndProject
Project("{FAE04EC0-301F-11D3-BF4B-00C04F79EFBC}") = "ex1", "ex1\ex1.csproj", "{F16E46B6-3E3F-4A8B-9CD3-2EAB52E55060}"
EndProject
Project("{FAE04EC0-301F-11D3-BF4B-00C04F79EFBC}") = "ex2", "ex2\ex2.csproj", "{AF62FC55-DDFF-4702-B295-C89AC6A76EA2}"
EndProject
Global
	GlobalSection(SolutionConfigurationPlatforms) = preSolution
		Debug|Any CPU = Debug|Any CPU
		Release|Any CPU = Release|Any CPU
	EndGlobalSection
	GlobalSection(ProjectConfigurationPlatforms) = postSolution
		{A6F0159F-F472-47DB-A687-5D6FED8FB94C}.Debug|Any CPU.ActiveCfg = Debug|Any CPU
		{A6F0159F-F472-47DB-A687-5D6FED8FB94C}.Debug|Any CPU.Build.0 = Debug|Any CPU
		{A6F0159F-F472-47DB-A687-5D6FED8FB94C}.Release|Any CPU.ActiveCfg = Release|Any CPU
		{A6F0159F-F472-47DB-A687-5D6FED8FB94C}.Release|Any CPU.Build.0 = Release|Any CPU
		{4688C377-6F2B-407F-AF95-E2363FA6566C}.Debug|Any CPU.ActiveCfg = Debug|Any CPU
		{4688C377-6F2B-407F-AF95-E2363FA6566C}.Debug|Any CPU.Build.0 = Debug|Any CPU
		{4688C377-6F2B-407F-AF95-E2363FA6566C}.Release|Any CPU.ActiveCfg = Release|Any CPU
		{4688C377-6F2B-407F-AF95-E2363FA6566C}.Release|Any CPU.Build.0 = Release|Any CPU
		{F16E46B6-3E3F-4A8B-9CD3-2EAB52E55060}.Debug|Any CPU.ActiveCfg = Debug|Any CPU
		{F16E46B6-3E3F-4A8B-9CD3-2EAB52E55060}.Debug|Any CPU.Build.0 = Debug|Any CPU
		{F16E46B6-3E3F-4A8B-9CD3-2EAB52E55060}.Release|Any CPU.ActiveCfg = Release|Any CPU
		{F16E46B6-3E3F-4A8B-9CD3-2EAB52E55060}.Release|Any CPU.Build.0 = Release|Any CPU
		{AF62FC55-DDFF-4702-B295-C89AC6A76EA2}.Debug|Any CPU.ActiveCfg = Debug|Any CPU
		{AF62FC55-DDFF-4702-B295-C89AC6A76EA2}.Debug|Any CPU.Build.0 = Debug|Any CPU
		{AF62FC55-DDFF-4702-B295-C89AC6A76EA2}.Release|Any CPU.ActiveCfg = Release|Any CPU
		{AF62FC55-DDFF-4702-B295-C89AC6A76EA2}.Release|Any CPU.Build.0 = Release|Any CPU
	EndGlobalSection
	GlobalSection(SolutionProperties) = preSolution
		HideSolutionNode = FALSE
	EndGlobalSection
	GlobalSection(ExtensibilityGlobals) = postSolution
		SolutionGuid = {453B51A9-B0E2-4D91-A847-83CCEF077D3B}
	EndGlobalSection
EndGlobal
